
Microsoft Visual Studio Solution File, Format Version 12.00
# Visual Studio 15
VisualStudioVersion = 15.0.28307.329
MinimumVisualStudioVersion = 10.0.40219.1
Project("{FAE04EC0-301F-11D3-BF4B-00C04F79EFBC}") = "ImageManagerConsoleApp", "ImageManagerConsoleApp\ImageManagerConsoleApp.csproj", "{E6AC5573-2930-4989-877E-BAC062A66EC2}"
EndProject
Project("{FAE04EC0-301F-11D3-BF4B-00C04F79EFBC}") = "DataObjects", "DBObjects\DataObjects.csproj", "{423B7C35-FCCA-4E51-8E5F-CA1B0D891DD3}"
EndProject
Project("{FAE04EC0-301F-11D3-BF4B-00C04F79EFBC}") = "SQLData", "SQLData\SQLData.csproj", "{E85CD030-9BB4-4413-8ED9-4BC98D3A0F1F}"
EndProject
Global
	GlobalSection(SolutionConfigurationPlatforms) = preSolution
		Debug|Any CPU = Debug|Any CPU
		Release|Any CPU = Release|Any CPU
	EndGlobalSection
	GlobalSection(ProjectConfigurationPlatforms) = postSolution
		{E6AC5573-2930-4989-877E-BAC062A66EC2}.Debug|Any CPU.ActiveCfg = Debug|Any CPU
		{E6AC5573-2930-4989-877E-BAC062A66EC2}.Debug|Any CPU.Build.0 = Debug|Any CPU
		{E6AC5573-2930-4989-877E-BAC062A66EC2}.Release|Any CPU.ActiveCfg = Release|Any CPU
		{E6AC5573-2930-4989-877E-BAC062A66EC2}.Release|Any CPU.Build.0 = Release|Any CPU
		{423B7C35-FCCA-4E51-8E5F-CA1B0D891DD3}.Debug|Any CPU.ActiveCfg = Debug|Any CPU
		{423B7C35-FCCA-4E51-8E5F-CA1B0D891DD3}.Debug|Any CPU.Build.0 = Debug|Any CPU
		{423B7C35-FCCA-4E51-8E5F-CA1B0D891DD3}.Release|Any CPU.ActiveCfg = Release|Any CPU
		{423B7C35-FCCA-4E51-8E5F-CA1B0D891DD3}.Release|Any CPU.Build.0 = Release|Any CPU
		{E85CD030-9BB4-4413-8ED9-4BC98D3A0F1F}.Debug|Any CPU.ActiveCfg = Debug|Any CPU
		{E85CD030-9BB4-4413-8ED9-4BC98D3A0F1F}.Debug|Any CPU.Build.0 = Debug|Any CPU
		{E85CD030-9BB4-4413-8ED9-4BC98D3A0F1F}.Release|Any CPU.ActiveCfg = Release|Any CPU
		{E85CD030-9BB4-4413-8ED9-4BC98D3A0F1F}.Release|Any CPU.Build.0 = Release|Any CPU
	EndGlobalSection
	GlobalSection(SolutionProperties) = preSolution
		HideSolutionNode = FALSE
	EndGlobalSection
	GlobalSection(ExtensibilityGlobals) = postSolution
		SolutionGuid = {ED050121-49E1-424B-8B69-05A0A7C8E5C5}
	EndGlobalSection
EndGlobal
